{
    "requires": true,
    "lockfileVersion": 1,
    "dependencies": {
        "nested-sort": {
            "version": "5.0.0",
            "resolved": "https://registry.npmjs.org/nested-sort/-/nested-sort-5.0.0.tgz",
            "integrity": "sha512-ZM9HMhCqB5j+PAS+nEh8mWbbDAnJBUQr9yS+5jL+oYF1fcJorN00U9BNukFMVPGts2dI0AAD20qc48o/Si7bnw=="
        }
    }
}
